
Microsoft Visual Studio Solution File, Format Version 12.00
# Visual Studio Version 16
VisualStudioVersion = 16.0.31424.327
MinimumVisualStudioVersion = 10.0.40219.1
Project("{9A19103F-16F7-4668-BE54-9A1E7A4F7556}") = "Chapter 1", "Chapter 1\Chapter 1.csproj", "{7FD043B4-E16C-48CC-B4B2-C078BCB05B36}"
EndProject
Project("{FAE04EC0-301F-11D3-BF4B-00C04F79EFBC}") = "Chapter 2", "Chapter 2\Chapter 2.csproj", "{B21149FE-05D2-4900-886A-120F9693B85D}"
EndProject
Global
	GlobalSection(SolutionConfigurationPlatforms) = preSolution
		Debug|Any CPU = Debug|Any CPU
		Release|Any CPU = Release|Any CPU
	EndGlobalSection
	GlobalSection(ProjectConfigurationPlatforms) = postSolution
		{7FD043B4-E16C-48CC-B4B2-C078BCB05B36}.Debug|Any CPU.ActiveCfg = Debug|Any CPU
		{7FD043B4-E16C-48CC-B4B2-C078BCB05B36}.Debug|Any CPU.Build.0 = Debug|Any CPU
		{7FD043B4-E16C-48CC-B4B2-C078BCB05B36}.Release|Any CPU.ActiveCfg = Release|Any CPU
		{7FD043B4-E16C-48CC-B4B2-C078BCB05B36}.Release|Any CPU.Build.0 = Release|Any CPU
		{B21149FE-05D2-4900-886A-120F9693B85D}.Debug|Any CPU.ActiveCfg = Debug|Any CPU
		{B21149FE-05D2-4900-886A-120F9693B85D}.Debug|Any CPU.Build.0 = Debug|Any CPU
		{B21149FE-05D2-4900-886A-120F9693B85D}.Release|Any CPU.ActiveCfg = Release|Any CPU
		{B21149FE-05D2-4900-886A-120F9693B85D}.Release|Any CPU.Build.0 = Release|Any CPU
	EndGlobalSection
	GlobalSection(SolutionProperties) = preSolution
		HideSolutionNode = FALSE
	EndGlobalSection
	GlobalSection(ExtensibilityGlobals) = postSolution
		SolutionGuid = {925D359D-B26C-4ADD-A152-7683F67DBD5A}
	EndGlobalSection
EndGlobal
